
Microsoft Visual Studio Solution File, Format Version 12.00
# Visual Studio Version 17
VisualStudioVersion = 17.4.32804.182
MinimumVisualStudioVersion = 10.0.40219.1
Project("{9A19103F-16F7-4668-BE54-9A1E7A4F7556}") = "TheStandardBox.Core", "TheStandardBox.Core\TheStandardBox.Core.csproj", "{579007E3-249C-4409-994D-0B52B3A92939}"
EndProject
Project("{2150E333-8FDC-42A3-9474-1A3956D46DE8}") = "Data", "Data", "{3FA9A0E1-DC09-4F54-AD55-7DFA9C7E3078}"
EndProject
Project("{9A19103F-16F7-4668-BE54-9A1E7A4F7556}") = "TheStandardBox.Data", "TheStandardBox.Data\TheStandardBox.Data.csproj", "{A6479BA5-97F7-49E4-AF3C-BFFC9544FBA0}"
EndProject
Project("{9A19103F-16F7-4668-BE54-9A1E7A4F7556}") = "TheStandardBox.Data.Tests.Unit", "TheStandardBox.Data.Tests.Unit\TheStandardBox.Data.Tests.Unit.csproj", "{51BD5420-04D2-41CB-AC0F-B914FDAF0315}"
EndProject
Project("{2150E333-8FDC-42A3-9474-1A3956D46DE8}") = "Core", "Core", "{CFFFC3CD-21B4-493A-A1A8-D8BDF0E87A86}"
EndProject
Project("{2150E333-8FDC-42A3-9474-1A3956D46DE8}") = "UIKit", "UIKit", "{1D85C09A-5EAA-4703-92F4-F91479CE6F35}"
EndProject
Project("{9A19103F-16F7-4668-BE54-9A1E7A4F7556}") = "TheStandardBox.UIKit.Blazor", "TheStandardBox.UIKit.Blazor\TheStandardBox.UIKit.Blazor.csproj", "{403BCA38-B280-44E8-9130-C6E0E3F33848}"
EndProject
Global
	GlobalSection(SolutionConfigurationPlatforms) = preSolution
		Debug|Any CPU = Debug|Any CPU
		Release|Any CPU = Release|Any CPU
	EndGlobalSection
	GlobalSection(ProjectConfigurationPlatforms) = postSolution
		{579007E3-249C-4409-994D-0B52B3A92939}.Debug|Any CPU.ActiveCfg = Debug|Any CPU
		{579007E3-249C-4409-994D-0B52B3A92939}.Debug|Any CPU.Build.0 = Debug|Any CPU
		{579007E3-249C-4409-994D-0B52B3A92939}.Release|Any CPU.ActiveCfg = Release|Any CPU
		{579007E3-249C-4409-994D-0B52B3A92939}.Release|Any CPU.Build.0 = Release|Any CPU
		{A6479BA5-97F7-49E4-AF3C-BFFC9544FBA0}.Debug|Any CPU.ActiveCfg = Debug|Any CPU
		{A6479BA5-97F7-49E4-AF3C-BFFC9544FBA0}.Debug|Any CPU.Build.0 = Debug|Any CPU
		{A6479BA5-97F7-49E4-AF3C-BFFC9544FBA0}.Release|Any CPU.ActiveCfg = Release|Any CPU
		{A6479BA5-97F7-49E4-AF3C-BFFC9544FBA0}.Release|Any CPU.Build.0 = Release|Any CPU
		{51BD5420-04D2-41CB-AC0F-B914FDAF0315}.Debug|Any CPU.ActiveCfg = Debug|Any CPU
		{51BD5420-04D2-41CB-AC0F-B914FDAF0315}.Debug|Any CPU.Build.0 = Debug|Any CPU
		{51BD5420-04D2-41CB-AC0F-B914FDAF0315}.Release|Any CPU.ActiveCfg = Release|Any CPU
		{51BD5420-04D2-41CB-AC0F-B914FDAF0315}.Release|Any CPU.Build.0 = Release|Any CPU
		{403BCA38-B280-44E8-9130-C6E0E3F33848}.Debug|Any CPU.ActiveCfg = Debug|Any CPU
		{403BCA38-B280-44E8-9130-C6E0E3F33848}.Debug|Any CPU.Build.0 = Debug|Any CPU
		{403BCA38-B280-44E8-9130-C6E0E3F33848}.Release|Any CPU.ActiveCfg = Release|Any CPU
		{403BCA38-B280-44E8-9130-C6E0E3F33848}.Release|Any CPU.Build.0 = Release|Any CPU
	EndGlobalSection
	GlobalSection(SolutionProperties) = preSolution
		HideSolutionNode = FALSE
	EndGlobalSection
	GlobalSection(NestedProjects) = preSolution
		{579007E3-249C-4409-994D-0B52B3A92939} = {CFFFC3CD-21B4-493A-A1A8-D8BDF0E87A86}
		{A6479BA5-97F7-49E4-AF3C-BFFC9544FBA0} = {3FA9A0E1-DC09-4F54-AD55-7DFA9C7E3078}
		{51BD5420-04D2-41CB-AC0F-B914FDAF0315} = {3FA9A0E1-DC09-4F54-AD55-7DFA9C7E3078}
		{403BCA38-B280-44E8-9130-C6E0E3F33848} = {1D85C09A-5EAA-4703-92F4-F91479CE6F35}
	EndGlobalSection
	GlobalSection(ExtensibilityGlobals) = postSolution
		SolutionGuid = {E1E92B11-688C-44BB-931D-219A5A42A6D6}
	EndGlobalSection
EndGlobal
