
Microsoft Visual Studio Solution File, Format Version 12.00
# Visual Studio Version 17
VisualStudioVersion = 17.4.32804.182
MinimumVisualStudioVersion = 10.0.40219.1
Project("{9A19103F-16F7-4668-BE54-9A1E7A4F7556}") = "TheStandardBox.Core", "TheStandardBox.Core\TheStandardBox.Core.csproj", "{579007E3-249C-4409-994D-0B52B3A92939}"
EndProject
Project("{2150E333-8FDC-42A3-9474-1A3956D46DE8}") = "Data", "Data", "{3FA9A0E1-DC09-4F54-AD55-7DFA9C7E3078}"
EndProject
Project("{9A19103F-16F7-4668-BE54-9A1E7A4F7556}") = "TheStandardBox.Data", "TheStandardBox.Data\TheStandardBox.Data.csproj", "{A6479BA5-97F7-49E4-AF3C-BFFC9544FBA0}"
EndProject
Project("{9A19103F-16F7-4668-BE54-9A1E7A4F7556}") = "TheStandardBox.Data.Tests.Unit", "TheStandardBox.Data.Tests.Unit\TheStandardBox.Data.Tests.Unit.csproj", "{51BD5420-04D2-41CB-AC0F-B914FDAF0315}"
EndProject
Project("{2150E333-8FDC-42A3-9474-1A3956D46DE8}") = "Core", "Core", "{CFFFC3CD-21B4-493A-A1A8-D8BDF0E87A86}"
EndProject
Project("{2150E333-8FDC-42A3-9474-1A3956D46DE8}") = "XSample", "XSample", "{D746527D-E28D-4D09-9310-6B29A37E15F1}"
EndProject
Project("{9A19103F-16F7-4668-BE54-9A1E7A4F7556}") = "WebApplication1", "Sample\WebApplication1\WebApplication1.csproj", "{95D56573-2258-47D8-987E-E51BAAAD971B}"
EndProject
Project("{9A19103F-16F7-4668-BE54-9A1E7A4F7556}") = "WebApplication1.Tests.Unit", "Sample\WebApplication1.Tests.Unit\WebApplication1.Tests.Unit.csproj", "{A275B6AB-6B37-4AFB-9FE9-1C6427A836D7}"
EndProject
Project("{2150E333-8FDC-42A3-9474-1A3956D46DE8}") = "UIKit", "UIKit", "{1D85C09A-5EAA-4703-92F4-F91479CE6F35}"
EndProject
Project("{9A19103F-16F7-4668-BE54-9A1E7A4F7556}") = "TheStandardBox.UIKit.Blazor", "TheStandardBox.UIKit.Blazor\TheStandardBox.UIKit.Blazor.csproj", "{403BCA38-B280-44E8-9130-C6E0E3F33848}"
EndProject
Project("{2150E333-8FDC-42A3-9474-1A3956D46DE8}") = "Api", "Api", "{C054F00B-62DF-408F-B2DD-D72F7130AD98}"
EndProject
Project("{2150E333-8FDC-42A3-9474-1A3956D46DE8}") = "Portal", "Portal", "{C0BBC3C2-F93F-4DAC-A002-43B2982E43E6}"
EndProject
Project("{FAE04EC0-301F-11D3-BF4B-00C04F79EFBC}") = "BlazorAppSample", "BlazorAppSample\BlazorAppSample.csproj", "{8922A994-A134-4C3E-9AD1-0BF50A79261D}"
EndProject
Global
	GlobalSection(SolutionConfigurationPlatforms) = preSolution
		Debug|Any CPU = Debug|Any CPU
		Release|Any CPU = Release|Any CPU
	EndGlobalSection
	GlobalSection(ProjectConfigurationPlatforms) = postSolution
		{579007E3-249C-4409-994D-0B52B3A92939}.Debug|Any CPU.ActiveCfg = Debug|Any CPU
		{579007E3-249C-4409-994D-0B52B3A92939}.Debug|Any CPU.Build.0 = Debug|Any CPU
		{579007E3-249C-4409-994D-0B52B3A92939}.Release|Any CPU.ActiveCfg = Release|Any CPU
		{579007E3-249C-4409-994D-0B52B3A92939}.Release|Any CPU.Build.0 = Release|Any CPU
		{A6479BA5-97F7-49E4-AF3C-BFFC9544FBA0}.Debug|Any CPU.ActiveCfg = Debug|Any CPU
		{A6479BA5-97F7-49E4-AF3C-BFFC9544FBA0}.Debug|Any CPU.Build.0 = Debug|Any CPU
		{A6479BA5-97F7-49E4-AF3C-BFFC9544FBA0}.Release|Any CPU.ActiveCfg = Release|Any CPU
		{A6479BA5-97F7-49E4-AF3C-BFFC9544FBA0}.Release|Any CPU.Build.0 = Release|Any CPU
		{51BD5420-04D2-41CB-AC0F-B914FDAF0315}.Debug|Any CPU.ActiveCfg = Debug|Any CPU
		{51BD5420-04D2-41CB-AC0F-B914FDAF0315}.Debug|Any CPU.Build.0 = Debug|Any CPU
		{51BD5420-04D2-41CB-AC0F-B914FDAF0315}.Release|Any CPU.ActiveCfg = Release|Any CPU
		{51BD5420-04D2-41CB-AC0F-B914FDAF0315}.Release|Any CPU.Build.0 = Release|Any CPU
		{95D56573-2258-47D8-987E-E51BAAAD971B}.Debug|Any CPU.ActiveCfg = Debug|Any CPU
		{95D56573-2258-47D8-987E-E51BAAAD971B}.Debug|Any CPU.Build.0 = Debug|Any CPU
		{95D56573-2258-47D8-987E-E51BAAAD971B}.Release|Any CPU.ActiveCfg = Release|Any CPU
		{95D56573-2258-47D8-987E-E51BAAAD971B}.Release|Any CPU.Build.0 = Release|Any CPU
		{A275B6AB-6B37-4AFB-9FE9-1C6427A836D7}.Debug|Any CPU.ActiveCfg = Debug|Any CPU
		{A275B6AB-6B37-4AFB-9FE9-1C6427A836D7}.Debug|Any CPU.Build.0 = Debug|Any CPU
		{A275B6AB-6B37-4AFB-9FE9-1C6427A836D7}.Release|Any CPU.ActiveCfg = Release|Any CPU
		{A275B6AB-6B37-4AFB-9FE9-1C6427A836D7}.Release|Any CPU.Build.0 = Release|Any CPU
		{403BCA38-B280-44E8-9130-C6E0E3F33848}.Debug|Any CPU.ActiveCfg = Debug|Any CPU
		{403BCA38-B280-44E8-9130-C6E0E3F33848}.Debug|Any CPU.Build.0 = Debug|Any CPU
		{403BCA38-B280-44E8-9130-C6E0E3F33848}.Release|Any CPU.ActiveCfg = Release|Any CPU
		{403BCA38-B280-44E8-9130-C6E0E3F33848}.Release|Any CPU.Build.0 = Release|Any CPU
		{8922A994-A134-4C3E-9AD1-0BF50A79261D}.Debug|Any CPU.ActiveCfg = Debug|Any CPU
		{8922A994-A134-4C3E-9AD1-0BF50A79261D}.Debug|Any CPU.Build.0 = Debug|Any CPU
		{8922A994-A134-4C3E-9AD1-0BF50A79261D}.Release|Any CPU.ActiveCfg = Release|Any CPU
		{8922A994-A134-4C3E-9AD1-0BF50A79261D}.Release|Any CPU.Build.0 = Release|Any CPU
	EndGlobalSection
	GlobalSection(SolutionProperties) = preSolution
		HideSolutionNode = FALSE
	EndGlobalSection
	GlobalSection(NestedProjects) = preSolution
		{579007E3-249C-4409-994D-0B52B3A92939} = {CFFFC3CD-21B4-493A-A1A8-D8BDF0E87A86}
		{A6479BA5-97F7-49E4-AF3C-BFFC9544FBA0} = {3FA9A0E1-DC09-4F54-AD55-7DFA9C7E3078}
		{51BD5420-04D2-41CB-AC0F-B914FDAF0315} = {3FA9A0E1-DC09-4F54-AD55-7DFA9C7E3078}
		{95D56573-2258-47D8-987E-E51BAAAD971B} = {C054F00B-62DF-408F-B2DD-D72F7130AD98}
		{A275B6AB-6B37-4AFB-9FE9-1C6427A836D7} = {C054F00B-62DF-408F-B2DD-D72F7130AD98}
		{403BCA38-B280-44E8-9130-C6E0E3F33848} = {1D85C09A-5EAA-4703-92F4-F91479CE6F35}
		{C054F00B-62DF-408F-B2DD-D72F7130AD98} = {D746527D-E28D-4D09-9310-6B29A37E15F1}
		{C0BBC3C2-F93F-4DAC-A002-43B2982E43E6} = {D746527D-E28D-4D09-9310-6B29A37E15F1}
		{8922A994-A134-4C3E-9AD1-0BF50A79261D} = {C0BBC3C2-F93F-4DAC-A002-43B2982E43E6}
	EndGlobalSection
	GlobalSection(ExtensibilityGlobals) = postSolution
		SolutionGuid = {E1E92B11-688C-44BB-931D-219A5A42A6D6}
	EndGlobalSection
EndGlobal
